# This file is automatically @generated by Cargo.
# It is not intended for manual editing.
version = 4

[[package]]
name = "bitflags"
version = "2.13.1"
source = "registry+https://github.com/rust-lang/crates.io-index"
checksum = "b588b76d00fde79687d7646a9b5bdf3cc0f655e0bbd080335a95d7e96f3587da"

[[package]]
name = "clack-common"
version = "0.1.1"
source = "registry+https://github.com/rust-lang/crates.io-index"
checksum = "2f6a27523c0b3563da8286628d3f3a54fde73de3190d28586c2c314c3bdad1e6"
dependencies = [
 "bitflags",
 "clap-sys",
]

[[package]]
name = "clack-plugin"
version = "0.1.1"
source = "registry+https://github.com/rust-lang/crates.io-index"
checksum = "2fa04a5185c367bfd5566e616c9c20cec2abaee9bf8a6060a3f6e44b505d5f32"
dependencies = [
 "clack-common",
 "clap-sys",
]

[[package]]
name = "clap-sys"
version = "0.5.0"
source = "registry+https://github.com/rust-lang/crates.io-index"
checksum = "a76abbdb2907f6fd97fb6bc0b7be96b77d328f2dd9669d1075cc03369ed22154"

[[package]]
name = "example_clap_plugin"
version = "0.1.0"
dependencies = [
 "clack-plugin",
]
